
Microsoft Visual Studio Solution File, Format Version 12.00
# Visual Studio Version 17
VisualStudioVersion = 17.14.36301.6 d17.14
MinimumVisualStudioVersion = 10.0.40219.1
Project("{FAE04EC0-301F-11D3-BF4B-00C04F79EFBC}") = "GoEasy", "GoEasy\GoEasy.csproj", "{E7A24C14-B839-414D-9942-CC4F13DA4F67}"
EndProject
Global
	GlobalSection(SolutionConfigurationPlatforms) = preSolution
		Debug|Any CPU = Debug|Any CPU
		Release|Any CPU = Release|Any CPU
	EndGlobalSection
	GlobalSection(ProjectConfigurationPlatforms) = postSolution
		{E7A24C14-B839-414D-9942-CC4F13DA4F67}.Debug|Any CPU.ActiveCfg = Debug|Any CPU
		{E7A24C14-B839-414D-9942-CC4F13DA4F67}.Debug|Any CPU.Build.0 = Debug|Any CPU
		{E7A24C14-B839-414D-9942-CC4F13DA4F67}.Release|Any CPU.ActiveCfg = Release|Any CPU
		{E7A24C14-B839-414D-9942-CC4F13DA4F67}.Release|Any CPU.Build.0 = Release|Any CPU
	EndGlobalSection
	GlobalSection(SolutionProperties) = preSolution
		HideSolutionNode = FALSE
	EndGlobalSection
	GlobalSection(ExtensibilityGlobals) = postSolution
		SolutionGuid = {47869FE7-C452-4285-A992-DF41C7AA3D08}
	EndGlobalSection
EndGlobal
